
Microsoft Visual Studio Solution File, Format Version 12.00
# Visual Studio Version 16
VisualStudioVersion = 16.0.29306.81
MinimumVisualStudioVersion = 10.0.40219.1
Project("{FAE04EC0-301F-11D3-BF4B-00C04F79EFBC}") = "CSSerialize", "CSSerialize\CSSerialize.csproj", "{8074A254-6A0A-419A-9E6E-43E19951D097}"
EndProject
Global
	GlobalSection(SolutionConfigurationPlatforms) = preSolution
		Debug|Any CPU = Debug|Any CPU
		Release|Any CPU = Release|Any CPU
	EndGlobalSection
	GlobalSection(ProjectConfigurationPlatforms) = postSolution
		{8074A254-6A0A-419A-9E6E-43E19951D097}.Debug|Any CPU.ActiveCfg = Debug|Any CPU
		{8074A254-6A0A-419A-9E6E-43E19951D097}.Debug|Any CPU.Build.0 = Debug|Any CPU
		{8074A254-6A0A-419A-9E6E-43E19951D097}.Release|Any CPU.ActiveCfg = Release|Any CPU
		{8074A254-6A0A-419A-9E6E-43E19951D097}.Release|Any CPU.Build.0 = Release|Any CPU
	EndGlobalSection
	GlobalSection(SolutionProperties) = preSolution
		HideSolutionNode = FALSE
	EndGlobalSection
	GlobalSection(ExtensibilityGlobals) = postSolution
		SolutionGuid = {299F92C1-33DB-4F8D-8ECA-782D9ED10A6F}
	EndGlobalSection
EndGlobal
